// !$*UTF8*$!
{
	archiveVersion = 1;
	classes = {
	};
	objectVersion = 46;
	objects = {

/* Begin PBXBuildFile section */
		ED634BDF1A80E24900816D9A /* AppDelegate.swift in Sources */ = {isa = PBXBuildFile; fileRef = ED634BDE1A80E24900816D9A /* AppDelegate.swift */; };
		ED634BE31A80E24900816D9A /* GameScene.swift in Sources */ = {isa = PBXBuildFile; fileRef = ED634BE21A80E24900816D9A /* GameScene.swift */; };
		ED634BE51A80E24900816D9A /* GameViewController.swift in Sources */ = {isa = PBXBuildFile; fileRef = ED634BE41A80E24900816D9A /* GameViewController.swift */; };
		ED634BE81A80E24900816D9A /* Main.storyboard in Resources */ = {isa = PBXBuildFile; fileRef = ED634BE61A80E24900816D9A /* Main.storyboard */; };
		ED634BEA1A80E24900816D9A /* Images.xcassets in Resources */ = {isa = PBXBuildFile; fileRef = ED634BE91A80E24900816D9A /* Images.xcassets */; };
		ED634BED1A80E24900816D9A /* LaunchScreen.xib in Resources */ = {isa = PBXBuildFile; fileRef = ED634BEB1A80E24900816D9A /* LaunchScreen.xib */; };
		ED634BF91A80E24A00816D9A /* SillyShapesTests.swift in Sources */ = {isa = PBXBuildFile; fileRef = ED634BF81A80E24A00816D9A /* SillyShapesTests.swift */; };
		EDD3DE7F1A82855E002EF4F5 /* HighScoresScene.swift in Sources */ = {isa = PBXBuildFile; fileRef = EDD3DE7E1A82855E002EF4F5 /* HighScoresScene.swift */; };
		EDD3DE841A83F4A7002EF4F5 /* hitSound.aiff in Resources */ = {isa = PBXBuildFile; fileRef = EDD3DE801A83F4A7002EF4F5 /* hitSound.aiff */; };
		EDD3DE861A83F4A7002EF4F5 /* shotSound.aiff in Resources */ = {isa = PBXBuildFile; fileRef = EDD3DE821A83F4A7002EF4F5 /* shotSound.aiff */; };
		EDD3DE871A83F4A7002EF4F5 /* explosionSound.aiff in Resources */ = {isa = PBXBuildFile; fileRef = EDD3DE831A83F4A7002EF4F5 /* explosionSound.aiff */; };
		EDD3DE8F1A83FE8C002EF4F5 /* gameoverSound.aiff in Resources */ = {isa = PBXBuildFile; fileRef = EDD3DE8E1A83FE8C002EF4F5 /* gameoverSound.aiff */; };
		EDFB030C1A82526D00F0E7D9 /* GameOverScene.swift in Sources */ = {isa = PBXBuildFile; fileRef = EDFB030B1A82526D00F0E7D9 /* GameOverScene.swift */; };
		EDFB030E1A825D3200F0E7D9 /* ScoreKeeper.swift in Sources */ = {isa = PBXBuildFile; fileRef = EDFB030D1A825D3200F0E7D9 /* ScoreKeeper.swift */; };
/* End PBXBuildFile section */

/* Begin PBXContainerItemProxy section */
		ED634BF31A80E24A00816D9A /* PBXContainerItemProxy */ = {
			isa = PBXContainerItemProxy;
			containerPortal = ED634BD11A80E24900816D9A /* Project object */;
			proxyType = 1;
			remoteGlobalIDString = ED634BD81A80E24900816D9A;
			remoteInfo = SillyShapes;
		};
/* End PBXContainerItemProxy section */

/* Begin PBXFileReference section */
		ED634BD91A80E24900816D9A /* SillyShapes.app */ = {isa = PBXFileReference; explicitFileType = wrapper.application; includeInIndex = 0; path = SillyShapes.app; sourceTree = BUILT_PRODUCTS_DIR; };
		ED634BDD1A80E24900816D9A /* Info.plist */ = {isa = PBXFileReference; lastKnownFileType = text.plist.xml; path = Info.plist; sourceTree = "<group>"; };
		ED634BDE1A80E24900816D9A /* AppDelegate.swift */ = {isa = PBXFileReference; lastKnownFileType = sourcecode.swift; path = AppDelegate.swift; sourceTree = "<group>"; };
		ED634BE21A80E24900816D9A /* GameScene.swift */ = {isa = PBXFileReference; lastKnownFileType = sourcecode.swift; path = GameScene.swift; sourceTree = "<group>"; };
		ED634BE41A80E24900816D9A /* GameViewController.swift */ = {isa = PBXFileReference; lastKnownFileType = sourcecode.swift; path = GameViewController.swift; sourceTree = "<group>"; };
		ED634BE71A80E24900816D9A /* Base */ = {isa = PBXFileReference; lastKnownFileType = file.storyboard; name = Base; path = Base.lproj/Main.storyboard; sourceTree = "<group>"; };
		ED634BE91A80E24900816D9A /* Images.xcassets */ = {isa = PBXFileReference; lastKnownFileType = folder.assetcatalog; path = Images.xcassets; sourceTree = "<group>"; };
		ED634BEC1A80E24900816D9A /* Base */ = {isa = PBXFileReference; lastKnownFileType = file.xib; name = Base; path = Base.lproj/LaunchScreen.xib; sourceTree = "<group>"; };
		ED634BF21A80E24A00816D9A /* SillyShapesTests.xctest */ = {isa = PBXFileReference; explicitFileType = wrapper.cfbundle; includeInIndex = 0; path = SillyShapesTests.xctest; sourceTree = BUILT_PRODUCTS_DIR; };
		ED634BF71A80E24A00816D9A /* Info.plist */ = {isa = PBXFileReference; lastKnownFileType = text.plist.xml; path = Info.plist; sourceTree = "<group>"; };
		ED634BF81A80E24A00816D9A /* SillyShapesTests.swift */ = {isa = PBXFileReference; lastKnownFileType = sourcecode.swift; path = SillyShapesTests.swift; sourceTree = "<group>"; };
		EDD3DE7E1A82855E002EF4F5 /* HighScoresScene.swift */ = {isa = PBXFileReference; fileEncoding = 4; lastKnownFileType = sourcecode.swift; path = HighScoresScene.swift; sourceTree = "<group>"; };
		EDD3DE801A83F4A7002EF4F5 /* hitSound.aiff */ = {isa = PBXFileReference; lastKnownFileType = audio.aiff; path = hitSound.aiff; sourceTree = "<group>"; };
		EDD3DE821A83F4A7002EF4F5 /* shotSound.aiff */ = {isa = PBXFileReference; lastKnownFileType = audio.aiff; path = shotSound.aiff; sourceTree = "<group>"; };
		EDD3DE831A83F4A7002EF4F5 /* explosionSound.aiff */ = {isa = PBXFileReference; lastKnownFileType = audio.aiff; path = explosionSound.aiff; sourceTree = "<group>"; };
		EDD3DE8E1A83FE8C002EF4F5 /* gameoverSound.aiff */ = {isa = PBXFileReference; lastKnownFileType = audio.aiff; path = gameoverSound.aiff; sourceTree = "<group>"; };
		EDFB030B1A82526D00F0E7D9 /* GameOverScene.swift */ = {isa = PBXFileReference; fileEncoding = 4; lastKnownFileType = sourcecode.swift; path = GameOverScene.swift; sourceTree = "<group>"; };
		EDFB030D1A825D3200F0E7D9 /* ScoreKeeper.swift */ = {isa = PBXFileReference; fileEncoding = 4; lastKnownFileType = sourcecode.swift; path = ScoreKeeper.swift; sourceTree = "<group>"; };
/* End PBXFileReference section */

/* Begin PBXFrameworksBuildPhase section */
		ED634BD61A80E24900816D9A /* Frameworks */ = {
			isa = PBXFrameworksBuildPhase;
			buildActionMask = 2147483647;
			files = (
			);
			runOnlyForDeploymentPostprocessing = 0;
		};
		ED634BEF1A80E24A00816D9A /* Frameworks */ = {
			isa = PBXFrameworksBuildPhase;
			buildActionMask = 2147483647;
			files = (
			);
			runOnlyForDeploymentPostprocessing = 0;
		};
/* End PBXFrameworksBuildPhase section */

/* Begin PBXGroup section */
		ED634BD01A80E24900816D9A = {
			isa = PBXGroup;
			children = (
				ED634BDB1A80E24900816D9A /* SillyShapes */,
				ED634BF51A80E24A00816D9A /* SillyShapesTests */,
				ED634BDA1A80E24900816D9A /* Products */,
			);
			sourceTree = "<group>";
		};
		ED634BDA1A80E24900816D9A /* Products */ = {
			isa = PBXGroup;
			children = (
				ED634BD91A80E24900816D9A /* SillyShapes.app */,
				ED634BF21A80E24A00816D9A /* SillyShapesTests.xctest */,
			);
			name = Products;
			sourceTree = "<group>";
		};
		ED634BDB1A80E24900816D9A /* SillyShapes */ = {
			isa = PBXGroup;
			children = (
				ED634BDE1A80E24900816D9A /* AppDelegate.swift */,
				ED634BE21A80E24900816D9A /* GameScene.swift */,
				EDD3DE801A83F4A7002EF4F5 /* hitSound.aiff */,
				EDD3DE821A83F4A7002EF4F5 /* shotSound.aiff */,
				EDD3DE831A83F4A7002EF4F5 /* explosionSound.aiff */,
				EDD3DE8E1A83FE8C002EF4F5 /* gameoverSound.aiff */,
				EDD3DE7E1A82855E002EF4F5 /* HighScoresScene.swift */,
				EDFB030B1A82526D00F0E7D9 /* GameOverScene.swift */,
				ED634BE41A80E24900816D9A /* GameViewController.swift */,
				EDFB030D1A825D3200F0E7D9 /* ScoreKeeper.swift */,
				ED634BE61A80E24900816D9A /* Main.storyboard */,
				ED634BE91A80E24900816D9A /* Images.xcassets */,
				ED634BEB1A80E24900816D9A /* LaunchScreen.xib */,
				ED634BDC1A80E24900816D9A /* Supporting Files */,
			);
			path = SillyShapes;
			sourceTree = "<group>";
		};
		ED634BDC1A80E24900816D9A /* Supporting Files */ = {
			isa = PBXGroup;
			children = (
				ED634BDD1A80E24900816D9A /* Info.plist */,
			);
			name = "Supporting Files";
			sourceTree = "<group>";
		};
		ED634BF51A80E24A00816D9A /* SillyShapesTests */ = {
			isa = PBXGroup;
			children = (
				ED634BF81A80E24A00816D9A /* SillyShapesTests.swift */,
				ED634BF61A80E24A00816D9A /* Supporting Files */,
			);
			path = SillyShapesTests;
			sourceTree = "<group>";
		};
		ED634BF61A80E24A00816D9A /* Supporting Files */ = {
			isa = PBXGroup;
			children = (
				ED634BF71A80E24A00816D9A /* Info.plist */,
			);
			name = "Supporting Files";
			sourceTree = "<group>";
		};
/* End PBXGroup section */

/* Begin PBXNativeTarget section */
		ED634BD81A80E24900816D9A /* SillyShapes */ = {
			isa = PBXNativeTarget;
			buildConfigurationList = ED634BFC1A80E24A00816D9A /* Build configuration list for PBXNativeTarget "SillyShapes" */;
			buildPhases = (
				ED634BD51A80E24900816D9A /* Sources */,
				ED634BD61A80E24900816D9A /* Frameworks */,
				ED634BD71A80E24900816D9A /* Resources */,
			);
			buildRules = (
			);
			dependencies = (
			);
			name = SillyShapes;
			productName = SillyShapes;
			productReference = ED634BD91A80E24900816D9A /* SillyShapes.app */;
			productType = "com.apple.product-type.application";
		};
		ED634BF11A80E24A00816D9A /* SillyShapesTests */ = {
			isa = PBXNativeTarget;
			buildConfigurationList = ED634BFF1A80E24A00816D9A /* Build configuration list for PBXNativeTarget "SillyShapesTests" */;
			buildPhases = (
				ED634BEE1A80E24A00816D9A /* Sources */,
				ED634BEF1A80E24A00816D9A /* Frameworks */,
				ED634BF01A80E24A00816D9A /* Resources */,
			);
			buildRules = (
			);
			dependencies = (
				ED634BF41A80E24A00816D9A /* PBXTargetDependency */,
			);
			name = SillyShapesTests;
			productName = SillyShapesTests;
			productReference = ED634BF21A80E24A00816D9A /* SillyShapesTests.xctest */;
			productType = "com.apple.product-type.bundle.unit-test";
		};
/* End PBXNativeTarget section */

/* Begin PBXProject section */
		ED634BD11A80E24900816D9A /* Project object */ = {
			isa = PBXProject;
			attributes = {
				LastUpgradeCheck = 0610;
				ORGANIZATIONNAME = UFPE;
				TargetAttributes = {
					ED634BD81A80E24900816D9A = {
						CreatedOnToolsVersion = 6.1.1;
					};
					ED634BF11A80E24A00816D9A = {
						CreatedOnToolsVersion = 6.1.1;
						TestTargetID = ED634BD81A80E24900816D9A;
					};
				};
			};
			buildConfigurationList = ED634BD41A80E24900816D9A /* Build configuration list for PBXProject "SillyShapes" */;
			compatibilityVersion = "Xcode 3.2";
			developmentRegion = English;
			hasScannedForEncodings = 0;
			knownRegions = (
				en,
				Base,
			);
			mainGroup = ED634BD01A80E24900816D9A;
			productRefGroup = ED634BDA1A80E24900816D9A /* Products */;
			projectDirPath = "";
			projectRoot = "";
			targets = (
				ED634BD81A80E24900816D9A /* SillyShapes */,
				ED634BF11A80E24A00816D9A /* SillyShapesTests */,
			);
		};
/* End PBXProject section */

/* Begin PBXResourcesBuildPhase section */
		ED634BD71A80E24900816D9A /* Resources */ = {
			isa = PBXResourcesBuildPhase;
			buildActionMask = 2147483647;
			files = (
				EDD3DE861A83F4A7002EF4F5 /* shotSound.aiff in Resources */,
				EDD3DE871A83F4A7002EF4F5 /* explosionSound.aiff in Resources */,
				ED634BED1A80E24900816D9A /* LaunchScreen.xib in Resources */,
				ED634BEA1A80E24900816D9A /* Images.xcassets in Resources */,
				ED634BE81A80E24900816D9A /* Main.storyboard in Resources */,
				EDD3DE8F1A83FE8C002EF4F5 /* gameoverSound.aiff in Resources */,
				EDD3DE841A83F4A7002EF4F5 /* hitSound.aiff in Resources */,
			);
			runOnlyForDeploymentPostprocessing = 0;
		};
		ED634BF01A80E24A00816D9A /* Resources */ = {
			isa = PBXResourcesBuildPhase;
			buildActionMask = 2147483647;
			files = (
			);
			runOnlyForDeploymentPostprocessing = 0;
		};
/* End PBXResourcesBuildPhase section */

/* Begin PBXSourcesBuildPhase section */
		ED634BD51A80E24900816D9A /* Sources */ = {
			isa = PBXSourcesBuildPhase;
			buildActionMask = 2147483647;
			files = (
				ED634BE31A80E24900816D9A /* GameScene.swift in Sources */,
				EDD3DE7F1A82855E002EF4F5 /* HighScoresScene.swift in Sources */,
				EDFB030E1A825D3200F0E7D9 /* ScoreKeeper.swift in Sources */,
				ED634BE51A80E24900816D9A /* GameViewController.swift in Sources */,
				EDFB030C1A82526D00F0E7D9 /* GameOverScene.swift in Sources */,
				ED634BDF1A80E24900816D9A /* AppDelegate.swift in Sources */,
			);
			runOnlyForDeploymentPostprocessing = 0;
		};
		ED634BEE1A80E24A00816D9A /* Sources */ = {
			isa = PBXSourcesBuildPhase;
			buildActionMask = 2147483647;
			files = (
				ED634BF91A80E24A00816D9A /* SillyShapesTests.swift in Sources */,
			);
			runOnlyForDeploymentPostprocessing = 0;
		};
/* End PBXSourcesBuildPhase section */

/* Begin PBXTargetDependency section */
		ED634BF41A80E24A00816D9A /* PBXTargetDependency */ = {
			isa = PBXTargetDependency;
			target = ED634BD81A80E24900816D9A /* SillyShapes */;
			targetProxy = ED634BF31A80E24A00816D9A /* PBXContainerItemProxy */;
		};
/* End PBXTargetDependency section */

/* Begin PBXVariantGroup section */
		ED634BE61A80E24900816D9A /* Main.storyboard */ = {
			isa = PBXVariantGroup;
			children = (
				ED634BE71A80E24900816D9A /* Base */,
			);
			name = Main.storyboard;
			sourceTree = "<group>";
		};
		ED634BEB1A80E24900816D9A /* LaunchScreen.xib */ = {
			isa = PBXVariantGroup;
			children = (
				ED634BEC1A80E24900816D9A /* Base */,
			);
			name = LaunchScreen.xib;
			sourceTree = "<group>";
		};
/* End PBXVariantGroup section */

/* Begin XCBuildConfiguration section */
		ED634BFA1A80E24A00816D9A /* Debug */ = {
			isa = XCBuildConfiguration;
			buildSettings = {
				ALWAYS_SEARCH_USER_PATHS = NO;
				CLANG_CXX_LANGUAGE_STANDARD = "gnu++0x";
				CLANG_CXX_LIBRARY = "libc++";
				CLANG_ENABLE_MODULES = YES;
				CLANG_ENABLE_OBJC_ARC = YES;
				CLANG_WARN_BOOL_CONVERSION = YES;
				CLANG_WARN_CONSTANT_CONVERSION = YES;
				CLANG_WARN_DIRECT_OBJC_ISA_USAGE = YES_ERROR;
				CLANG_WARN_EMPTY_BODY = YES;
				CLANG_WARN_ENUM_CONVERSION = YES;
				CLANG_WARN_INT_CONVERSION = YES;
				CLANG_WARN_OBJC_ROOT_CLASS = YES_ERROR;
				CLANG_WARN_UNREACHABLE_CODE = YES;
				CLANG_WARN__DUPLICATE_METHOD_MATCH = YES;
				"CODE_SIGN_IDENTITY[sdk=iphoneos*]" = "iPhone Developer";
				COPY_PHASE_STRIP = NO;
				ENABLE_STRICT_OBJC_MSGSEND = YES;
				GCC_C_LANGUAGE_STANDARD = gnu99;
				GCC_DYNAMIC_NO_PIC = NO;
				GCC_OPTIMIZATION_LEVEL = 0;
				GCC_PREPROCESSOR_DEFINITIONS = (
					"DEBUG=1",
					"$(inherited)",
				);
				GCC_SYMBOLS_PRIVATE_EXTERN = NO;
				GCC_WARN_64_TO_32_BIT_CONVERSION = YES;
				GCC_WARN_ABOUT_RETURN_TYPE = YES_ERROR;
				GCC_WARN_UNDECLARED_SELECTOR = YES;
				GCC_WARN_UNINITIALIZED_AUTOS = YES_AGGRESSIVE;
				GCC_WARN_UNUSED_FUNCTION = YES;
				GCC_WARN_UNUSED_VARIABLE = YES;
				IPHONEOS_DEPLOYMENT_TARGET = 8.1;
				MTL_ENABLE_DEBUG_INFO = YES;
				ONLY_ACTIVE_ARCH = YES;
				SDKROOT = iphoneos;
				SWIFT_OPTIMIZATION_LEVEL = "-Onone";
			};
			name = Debug;
		};
		ED634BFB1A80E24A00816D9A /* Release */ = {
			isa = XCBuildConfiguration;
			buildSettings = {
				ALWAYS_SEARCH_USER_PATHS = NO;
				CLANG_CXX_LANGUAGE_STANDARD = "gnu++0x";
				CLANG_CXX_LIBRARY = "libc++";
				CLANG_ENABLE_MODULES = YES;
				CLANG_ENABLE_OBJC_ARC = YES;
				CLANG_WARN_BOOL_CONVERSION = YES;
				CLANG_WARN_CONSTANT_CONVERSION = YES;
				CLANG_WARN_DIRECT_OBJC_ISA_USAGE = YES_ERROR;
				CLANG_WARN_EMPTY_BODY = YES;
				CLANG_WARN_ENUM_CONVERSION = YES;
				CLANG_WARN_INT_CONVERSION = YES;
				CLANG_WARN_OBJC_ROOT_CLASS = YES_ERROR;
				CLANG_WARN_UNREACHABLE_CODE = YES;
				CLANG_WARN__DUPLICATE_METHOD_MATCH = YES;
				"CODE_SIGN_IDENTITY[sdk=iphoneos*]" = "iPhone Developer";
				COPY_PHASE_STRIP = YES;
				ENABLE_NS_ASSERTIONS = NO;
				ENABLE_STRICT_OBJC_MSGSEND = YES;
				GCC_C_LANGUAGE_STANDARD = gnu99;
				GCC_WARN_64_TO_32_BIT_CONVERSION = YES;
				GCC_WARN_ABOUT_RETURN_TYPE = YES_ERROR;
				GCC_WARN_UNDECLARED_SELECTOR = YES;
				GCC_WARN_UNINITIALIZED_AUTOS = YES_AGGRESSIVE;
				GCC_WARN_UNUSED_FUNCTION = YES;
				GCC_WARN_UNUSED_VARIABLE = YES;
				IPHONEOS_DEPLOYMENT_TARGET = 8.1;
				MTL_ENABLE_DEBUG_INFO = NO;
				SDKROOT = iphoneos;
				VALIDATE_PRODUCT = YES;
			};
			name = Release;
		};
		ED634BFD1A80E24A00816D9A /* Debug */ = {
			isa = XCBuildConfiguration;
			buildSettings = {
				ASSETCATALOG_COMPILER_APPICON_NAME = AppIcon;
				INFOPLIST_FILE = SillyShapes/Info.plist;
				LD_RUNPATH_SEARCH_PATHS = "$(inherited) @executable_path/Frameworks";
				PRODUCT_NAME = "$(TARGET_NAME)";
			};
			name = Debug;
		};
		ED634BFE1A80E24A00816D9A /* Release */ = {
			isa = XCBuildConfiguration;
			buildSettings = {
				ASSETCATALOG_COMPILER_APPICON_NAME = AppIcon;
				INFOPLIST_FILE = SillyShapes/Info.plist;
				LD_RUNPATH_SEARCH_PATHS = "$(inherited) @executable_path/Frameworks";
				PRODUCT_NAME = "$(TARGET_NAME)";
			};
			name = Release;
		};
		ED634C001A80E24A00816D9A /* Debug */ = {
			isa = XCBuildConfiguration;
			buildSettings = {
				BUNDLE_LOADER = "$(TEST_HOST)";
				FRAMEWORK_SEARCH_PATHS = (
					"$(SDKROOT)/Developer/Library/Frameworks",
					"$(inherited)",
				);
				GCC_PREPROCESSOR_DEFINITIONS = (
					"DEBUG=1",
					"$(inherited)",
				);
				INFOPLIST_FILE = SillyShapesTests/Info.plist;
				LD_RUNPATH_SEARCH_PATHS = "$(inherited) @executable_path/Frameworks @loader_path/Frameworks";
				PRODUCT_NAME = "$(TARGET_NAME)";
				TEST_HOST = "$(BUILT_PRODUCTS_DIR)/SillyShapes.app/SillyShapes";
			};
			name = Debug;
		};
		ED634C011A80E24A00816D9A /* Release */ = {
			isa = XCBuildConfiguration;
			buildSettings = {
				BUNDLE_LOADER = "$(TEST_HOST)";
				FRAMEWORK_SEARCH_PATHS = (
					"$(SDKROOT)/Developer/Library/Frameworks",
					"$(inherited)",
				);
				INFOPLIST_FILE = SillyShapesTests/Info.plist;
				LD_RUNPATH_SEARCH_PATHS = "$(inherited) @executable_path/Frameworks @loader_path/Frameworks";
				PRODUCT_NAME = "$(TARGET_NAME)";
				TEST_HOST = "$(BUILT_PRODUCTS_DIR)/SillyShapes.app/SillyShapes";
			};
			name = Release;
		};
/* End XCBuildConfiguration section */

/* Begin XCConfigurationList section */
		ED634BD41A80E24900816D9A /* Build configuration list for PBXProject "SillyShapes" */ = {
			isa = XCConfigurationList;
			buildConfigurations = (
				ED634BFA1A80E24A00816D9A /* Debug */,
				ED634BFB1A80E24A00816D9A /* Release */,
			);
			defaultConfigurationIsVisible = 0;
			defaultConfigurationName = Release;
		};
		ED634BFC1A80E24A00816D9A /* Build configuration list for PBXNativeTarget "SillyShapes" */ = {
			isa = XCConfigurationList;
			buildConfigurations = (
				ED634BFD1A80E24A00816D9A /* Debug */,
				ED634BFE1A80E24A00816D9A /* Release */,
			);
			defaultConfigurationIsVisible = 0;
			defaultConfigurationName = Release;
		};
		ED634BFF1A80E24A00816D9A /* Build configuration list for PBXNativeTarget "SillyShapesTests" */ = {
			isa = XCConfigurationList;
			buildConfigurations = (
				ED634C001A80E24A00816D9A /* Debug */,
				ED634C011A80E24A00816D9A /* Release */,
			);
			defaultConfigurationIsVisible = 0;
			defaultConfigurationName = Release;
		};
/* End XCConfigurationList section */
	};
	rootObject = ED634BD11A80E24900816D9A /* Project object */;
}
